github.com/GrantBirki/dario v0.0.0-20260719060028-139febbe9791 h1:xAWi6qcMtEUPKLeyjfvhQLqJcoaFEaKrdof6583w45o=
github.com/GrantBirki/dario v0.0.0-20260719060028-139febbe9791/go.mod h1:s8A8b1QpPglY2oKoL2flTEIX9EIVI56Pkwp35GksM/I=
github.com/GrantBirki/dario v0.0.0-20260720001913-2697df1181a8 h1:YlA2YI2cPVdXYk+PYtZFXvm8tc0RAUxMh2oSrmfgZ0g=
github.com/GrantBirki/dario v0.0.0-20260720001913-2697df1181a8/go.mod h1:s8A8b1QpPglY2oKoL2flTEIX9EIVI56Pkwp35GksM/I=
github.com/GrantBirki/dario v0.0.0-20260720024556-1a23cac70f8d h1:bLno1by94g/LWqjs1gbEaKqfFrUjlt3Eh0h0YthrOao=
github.com/GrantBirki/dario v0.0.0-20260720024556-1a23cac70f8d/go.mod h1:s8A8b1QpPglY2oKoL2flTEIX9EIVI56Pkwp35GksM/I=
github.com/GrantBirki/dario v0.0.0-20260720033433-4ce78438931e h1:q5jcVCuykfWfaVXD+t/bW5t1mAnrW0WRvsZtjOFFm0E=
github.com/GrantBirki/dario v0.0.0-20260720033433-4ce78438931e/go.mod h1:s8A8b1QpPglY2oKoL2flTEIX9EIVI56Pkwp35GksM/I=
