github.com/GrantBirki/dario v0.0.0-20250722215641-8f25a90daa40 h1:P+C9F0KuzUlqmJtr0PgbFxlWMrP18KjjA8C4M8As0s8=
github.com/GrantBirki/dario v0.0.0-20250722215641-8f25a90daa40/go.mod h1:s8A8b1QpPglY2oKoL2flTEIX9EIVI56Pkwp35GksM/I=
github.com/GrantBirki/dario v0.0.0-20250722224009-ed3f0a4acf89 h1:lxG3MgQtzK0eIRj4Xf9C28CuNeVytKjHmOAKEUOsclI=
github.com/GrantBirki/dario v0.0.0-20250722224009-ed3f0a4acf89/go.mod h1:s8A8b1QpPglY2oKoL2flTEIX9EIVI56Pkwp35GksM/I=
